
Microsoft Visual Studio Solution File, Format Version 12.00
# Visual Studio Version 17
VisualStudioVersion = 17.13.35825.156
MinimumVisualStudioVersion = 10.0.40219.1
Project("{2150E333-8FDC-42A3-9474-1A3956D46DE8}") = "IdentityServer", "IdentityServer", "{02EA681E-C7D8-13C7-8484-4AC65E1B71E8}"
EndProject
Project("{FAE04EC0-301F-11D3-BF4B-00C04F79EFBC}") = "ERCS.IdentityServer", "IdentityServer\ERCS.IdentityServer\ERCS.IdentityServer.csproj", "{5E21DE2F-4D63-433F-9B9C-08110E112B18}"
EndProject
Project("{2150E333-8FDC-42A3-9474-1A3956D46DE8}") = "Common", "Common", "{472F793D-D32E-4BBC-AD5C-7432B98EDA96}"
EndProject
Project("{FAE04EC0-301F-11D3-BF4B-00C04F79EFBC}") = "ERCS.Common", "Common\ERCS.Common\ERCS.Common.csproj", "{4F3BC7C6-9046-451D-9F7B-5D851647E707}"
EndProject
Project("{2150E333-8FDC-42A3-9474-1A3956D46DE8}") = "APIGateway", "APIGateway", "{AA3C3C19-630C-4674-B312-053065FDF392}"
EndProject
Project("{FAE04EC0-301F-11D3-BF4B-00C04F79EFBC}") = "ERCS.APIGateway", "APIGateway\ERCS.APIGateway\ERCS.APIGateway.csproj", "{FBA70D05-20AB-4596-8E26-ECB7E507D483}"
EndProject
Project("{2150E333-8FDC-42A3-9474-1A3956D46DE8}") = "Services", "Services", "{A59BA883-0ADE-4930-815E-AAAA87183C7B}"
EndProject
Project("{2150E333-8FDC-42A3-9474-1A3956D46DE8}") = "UserService", "UserService", "{5CE576C2-423B-4FDF-9638-5FE62D29F6F0}"
EndProject
Project("{FAE04EC0-301F-11D3-BF4B-00C04F79EFBC}") = "ERCS.UserService", "Services\UserService\ERCS.UserService\ERCS.UserService.csproj", "{AF3DA24B-A426-4494-BF9F-8465A067E0B0}"
EndProject
Project("{2150E333-8FDC-42A3-9474-1A3956D46DE8}") = "ApplicationService", "ApplicationService", "{75D748BF-559D-4196-AFAE-D99D0D649ABC}"
EndProject
Project("{FAE04EC0-301F-11D3-BF4B-00C04F79EFBC}") = "ERCS.ApplicationService", "Services\ApplicationService\ERCS.ApplicationService\ERCS.ApplicationService.csproj", "{66A01ED3-A46A-4F16-9D6F-30181BA2830F}"
EndProject
Project("{2150E333-8FDC-42A3-9474-1A3956D46DE8}") = "CommitteeService", "CommitteeService", "{352DEF26-B418-4F31-B521-588F291810D5}"
EndProject
Project("{FAE04EC0-301F-11D3-BF4B-00C04F79EFBC}") = "ERCS.CommitteeService", "Services\CommitteeService\ERCS.CommitteeService\ERCS.CommitteeService.csproj", "{33A13157-AF57-40C8-B2C7-469B79E3E766}"
EndProject
Project("{2150E333-8FDC-42A3-9474-1A3956D46DE8}") = "AdminService", "AdminService", "{FF4963A8-8C4C-4BC1-93FD-BA8F2F4FC125}"
EndProject
Project("{2150E333-8FDC-42A3-9474-1A3956D46DE8}") = "NotificationService", "NotificationService", "{4E759E74-0506-46F9-88A3-FAFF3DA8EEE3}"
EndProject
Project("{FAE04EC0-301F-11D3-BF4B-00C04F79EFBC}") = "ERCS.NotificationService", "Services\NotificationService\ERCS.NotificationService\ERCS.NotificationService.csproj", "{67BCACB6-7C0C-42E9-9AA8-CF0B283CC0CA}"
EndProject
Project("{2150E333-8FDC-42A3-9474-1A3956D46DE8}") = "ReportService", "ReportService", "{0A485249-9E27-47FD-B29D-0E1D91C86D7D}"
EndProject
Project("{FAE04EC0-301F-11D3-BF4B-00C04F79EFBC}") = "ERCS.ReportService", "Services\ReportService\ERCS.ReportService\ERCS.ReportService.csproj", "{40312BE1-2C32-4406-869A-5020C312516E}"
EndProject
Project("{FAE04EC0-301F-11D3-BF4B-00C04F79EFBC}") = "ERCS.AdminService", "Services\AdminService\ERCS.AdminService\ERCS.AdminService.csproj", "{82CA35DD-548B-4C3F-94EF-4442D1A018C1}"
EndProject
Project("{2150E333-8FDC-42A3-9474-1A3956D46DE8}") = "Docker", "Docker", "{D68EA84F-91D0-4BFC-8F55-5A011AAEFD99}"
EndProject
Project("{2150E333-8FDC-42A3-9474-1A3956D46DE8}") = "Volumes", "Volumes", "{F0BC3AE8-EF29-4482-B343-896062FADF34}"
	ProjectSection(SolutionItems) = preProject
		.dockerignore = .dockerignore
		es-volume = es-volume
		mongo-volume = mongo-volume
		pg-volume = pg-volume
	EndProjectSection
EndProject
Project("{2150E333-8FDC-42A3-9474-1A3956D46DE8}") = "Scripts", "Scripts", "{7065CE32-EA72-4820-988F-C63158EEC124}"
	ProjectSection(SolutionItems) = preProject
		build-all.sh = build-all.sh
		clean-docker.sh = clean-docker.sh
		start-all.sh = start-all.sh
		stop-all.sh = stop-all.sh
	EndProjectSection
EndProject
Project("{2150E333-8FDC-42A3-9474-1A3956D46DE8}") = "Microservices", "Microservices", "{3C5CA4EB-9F04-41D2-B9A8-D1FF28979738}"
	ProjectSection(SolutionItems) = preProject
		Dockerfile-AdminService = Dockerfile-AdminService
		Dockerfile-AIService = Dockerfile-AIService
		Dockerfile-APIGateway = Dockerfile-APIGateway
		Dockerfile-ApplicationService = Dockerfile-ApplicationService
		Dockerfile-CommitteeService = Dockerfile-CommitteeService
		Dockerfile-IdentityServer = Dockerfile-IdentityServer
		Dockerfile-NotificationService = Dockerfile-NotificationService
		Dockerfile-ReportService = Dockerfile-ReportService
		Dockerfile-UserService = Dockerfile-UserService
	EndProjectSection
EndProject
Project("{2150E333-8FDC-42A3-9474-1A3956D46DE8}") = "Databases", "Databases", "{D3958F64-8F51-41D2-85D3-986238DCD80B}"
	ProjectSection(SolutionItems) = preProject
		Dockerfile-Elasticsearch = Dockerfile-Elasticsearch
		Dockerfile-Kibana = Dockerfile-Kibana
		Dockerfile-MongoDB = Dockerfile-MongoDB
		Dockerfile-PostgreSQL = Dockerfile-PostgreSQL
		Dockerfile-RabbitMQ = Dockerfile-RabbitMQ
		Dockerfile-Redis = Dockerfile-Redis
	EndProjectSection
EndProject
Project("{2150E333-8FDC-42A3-9474-1A3956D46DE8}") = "Configs", "Configs", "{220D032D-DEC4-4D1D-BCD2-36F35BBDE228}"
	ProjectSection(SolutionItems) = preProject
		.env = .env
		elasticsearch.yml = elasticsearch.yml
		mongo-init.js = mongo-init.js
		nginx.conf = nginx.conf
		postgres-init.sql = postgres-init.sql
	EndProjectSection
EndProject
Project("{2150E333-8FDC-42A3-9474-1A3956D46DE8}") = "Compose-Files", "Compose-Files", "{6B392374-5BB0-4501-8D9B-5DD8AC21EB20}"
	ProjectSection(SolutionItems) = preProject
		Docker\Compose-Files\docker-compose.ci.yml = Docker\Compose-Files\docker-compose.ci.yml
		Docker\Compose-Files\docker-compose.dev.yml = Docker\Compose-Files\docker-compose.dev.yml
		Docker\Compose-Files\docker-compose.prod.yml = Docker\Compose-Files\docker-compose.prod.yml
	EndProjectSection
EndProject
Project("{2150E333-8FDC-42A3-9474-1A3956D46DE8}") = "Frontends", "Frontends", "{54DED9FF-2B44-4EE8-A0F0-E67CA1E864BB}"
EndProject
Project("{2150E333-8FDC-42A3-9474-1A3956D46DE8}") = "Database", "Database", "{CD224682-CD27-4920-B983-82C1E39C496A}"
EndProject
Project("{2150E333-8FDC-42A3-9474-1A3956D46DE8}") = "Migrations", "Migrations", "{DDC040C4-748D-458A-BF7D-076DC1A39E05}"
EndProject
Project("{2150E333-8FDC-42A3-9474-1A3956D46DE8}") = "UserServiceMigrations", "UserServiceMigrations", "{D461F585-F12F-4164-B18A-133BE25285B6}"
	ProjectSection(SolutionItems) = preProject
		Database\Migrations\UserServiceMigrations\UserServiceMigrations.txt = Database\Migrations\UserServiceMigrations\UserServiceMigrations.txt
	EndProjectSection
EndProject
Project("{2150E333-8FDC-42A3-9474-1A3956D46DE8}") = "ApplicationServiceMigrations", "ApplicationServiceMigrations", "{59D98996-AA4C-4458-8081-304D9B474148}"
	ProjectSection(SolutionItems) = preProject
		Database\Migrations\ApplicationServiceMigrations\ApplicationServiceMigrations.txt = Database\Migrations\ApplicationServiceMigrations\ApplicationServiceMigrations.txt
	EndProjectSection
EndProject
Project("{2150E333-8FDC-42A3-9474-1A3956D46DE8}") = "CommitteeServiceMigrations", "CommitteeServiceMigrations", "{E93E4096-8ED3-4018-932A-1C81D9C65345}"
	ProjectSection(SolutionItems) = preProject
		Database\Migrations\CommitteeServiceMigrations\CommitteeServiceMigrations.txt = Database\Migrations\CommitteeServiceMigrations\CommitteeServiceMigrations.txt
	EndProjectSection
EndProject
Project("{2150E333-8FDC-42A3-9474-1A3956D46DE8}") = "AdminServiceMigrations", "AdminServiceMigrations", "{BAB3A3D2-AC80-4F25-BF2C-715EAD4B332B}"
	ProjectSection(SolutionItems) = preProject
		Database\Migrations\AdminServiceMigrations\AdminServiceMigrations.txt = Database\Migrations\AdminServiceMigrations\AdminServiceMigrations.txt
	EndProjectSection
EndProject
Project("{2150E333-8FDC-42A3-9474-1A3956D46DE8}") = "NotificationServiceMigrations", "NotificationServiceMigrations", "{B7EB6A7D-482C-464C-A1FD-1B9EEAB708EB}"
	ProjectSection(SolutionItems) = preProject
		Database\Migrations\NotificationServiceMigrations\NotificationServiceMigrations.txt = Database\Migrations\NotificationServiceMigrations\NotificationServiceMigrations.txt
	EndProjectSection
EndProject
Project("{2150E333-8FDC-42A3-9474-1A3956D46DE8}") = "SeedData", "SeedData", "{9A64CD9F-678B-4AA4-94B9-C999340EDFCA}"
	ProjectSection(SolutionItems) = preProject
		Database\SeedData\UserSeedData.cs = Database\SeedData\UserSeedData.cs
	EndProjectSection
EndProject
Project("{FAE04EC0-301F-11D3-BF4B-00C04F79EFBC}") = "ERCS.Frontends", "Frontends\ERCS.Frontends\ERCS.Frontends.csproj", "{C8FB77AB-0DEB-4BED-BF30-7E2706A19F29}"
EndProject
Project("{2150E333-8FDC-42A3-9474-1A3956D46DE8}") = "Scripts", "Scripts", "{35B9EB58-AB14-4FE1-92FA-8FD122E45759}"
EndProject
Project("{2150E333-8FDC-42A3-9474-1A3956D46DE8}") = "PostgreSQL", "PostgreSQL", "{019186BB-9A63-49E5-8A99-2511D469320C}"
	ProjectSection(SolutionItems) = preProject
		Database\Scripts\PostgreSQL\CreateTables.sql = Database\Scripts\PostgreSQL\CreateTables.sql
	EndProjectSection
EndProject
Project("{2150E333-8FDC-42A3-9474-1A3956D46DE8}") = "MongoDB", "MongoDB", "{A1ED4700-0059-4296-B4B0-62AE86A71B7A}"
	ProjectSection(SolutionItems) = preProject
		Database\Scripts\MongoDB\CreateCollections.js = Database\Scripts\MongoDB\CreateCollections.js
	EndProjectSection
EndProject
Project("{2150E333-8FDC-42A3-9474-1A3956D46DE8}") = "Elasticsearch", "Elasticsearch", "{9AB04AEC-3200-4AC4-8831-82B2263C0703}"
	ProjectSection(SolutionItems) = preProject
		Database\Scripts\Elasticsearch\CreateIndex.json = Database\Scripts\Elasticsearch\CreateIndex.json
	EndProjectSection
EndProject
Project("{2150E333-8FDC-42A3-9474-1A3956D46DE8}") = "Backup", "Backup", "{46ACDEFF-6984-4EAA-B410-EE6503AEB68E}"
	ProjectSection(SolutionItems) = preProject
		Database\Scripts\Backup\BackupPostgreSQL.sh = Database\Scripts\Backup\BackupPostgreSQL.sh
	EndProjectSection
EndProject
Project("{2150E333-8FDC-42A3-9474-1A3956D46DE8}") = "Configs", "Configs", "{2830E6E3-67DB-498C-8E46-D8187BD5E8BB}"
	ProjectSection(SolutionItems) = preProject
		Database\Configs\DatabaseConfig.cs = Database\Configs\DatabaseConfig.cs
	EndProjectSection
EndProject
Project("{2150E333-8FDC-42A3-9474-1A3956D46DE8}") = "Tests", "Tests", "{BE5A126E-DE0E-4C5E-9729-E2F76696A97E}"
EndProject
Project("{2150E333-8FDC-42A3-9474-1A3956D46DE8}") = "UnitTests", "UnitTests", "{363E067E-CF43-447C-86DD-C72B0F660F65}"
	ProjectSection(SolutionItems) = preProject
		Database\Tests\UnitTests\UnitTests.txt = Database\Tests\UnitTests\UnitTests.txt
	EndProjectSection
EndProject
Project("{2150E333-8FDC-42A3-9474-1A3956D46DE8}") = "IntegrationTests", "IntegrationTests", "{23A32EEA-5770-4453-AFA4-2B54E65B0511}"
	ProjectSection(SolutionItems) = preProject
		Database\Tests\IntegrationTests\IntegrationTests.txt = Database\Tests\IntegrationTests\IntegrationTests.txt
	EndProjectSection
EndProject
Project("{2150E333-8FDC-42A3-9474-1A3956D46DE8}") = "PerformanceTests", "PerformanceTests", "{FD3B36B9-288B-425E-8D12-CE75E87769EE}"
	ProjectSection(SolutionItems) = preProject
		Database\Tests\PerformanceTests\PerformanceTests.txt = Database\Tests\PerformanceTests\PerformanceTests.txt
	EndProjectSection
EndProject
Global
	GlobalSection(SolutionConfigurationPlatforms) = preSolution
		Debug|Any CPU = Debug|Any CPU
		Debug|x64 = Debug|x64
		Debug|x86 = Debug|x86
		Release|Any CPU = Release|Any CPU
		Release|x64 = Release|x64
		Release|x86 = Release|x86
	EndGlobalSection
	GlobalSection(ProjectConfigurationPlatforms) = postSolution
		{5E21DE2F-4D63-433F-9B9C-08110E112B18}.Debug|Any CPU.ActiveCfg = Debug|Any CPU
		{5E21DE2F-4D63-433F-9B9C-08110E112B18}.Debug|Any CPU.Build.0 = Debug|Any CPU
		{5E21DE2F-4D63-433F-9B9C-08110E112B18}.Debug|x64.ActiveCfg = Debug|Any CPU
		{5E21DE2F-4D63-433F-9B9C-08110E112B18}.Debug|x64.Build.0 = Debug|Any CPU
		{5E21DE2F-4D63-433F-9B9C-08110E112B18}.Debug|x86.ActiveCfg = Debug|Any CPU
		{5E21DE2F-4D63-433F-9B9C-08110E112B18}.Debug|x86.Build.0 = Debug|Any CPU
		{5E21DE2F-4D63-433F-9B9C-08110E112B18}.Release|Any CPU.ActiveCfg = Release|Any CPU
		{5E21DE2F-4D63-433F-9B9C-08110E112B18}.Release|Any CPU.Build.0 = Release|Any CPU
		{5E21DE2F-4D63-433F-9B9C-08110E112B18}.Release|x64.ActiveCfg = Release|Any CPU
		{5E21DE2F-4D63-433F-9B9C-08110E112B18}.Release|x64.Build.0 = Release|Any CPU
		{5E21DE2F-4D63-433F-9B9C-08110E112B18}.Release|x86.ActiveCfg = Release|Any CPU
		{5E21DE2F-4D63-433F-9B9C-08110E112B18}.Release|x86.Build.0 = Release|Any CPU
		{4F3BC7C6-9046-451D-9F7B-5D851647E707}.Debug|Any CPU.ActiveCfg = Debug|Any CPU
		{4F3BC7C6-9046-451D-9F7B-5D851647E707}.Debug|Any CPU.Build.0 = Debug|Any CPU
		{4F3BC7C6-9046-451D-9F7B-5D851647E707}.Debug|x64.ActiveCfg = Debug|Any CPU
		{4F3BC7C6-9046-451D-9F7B-5D851647E707}.Debug|x64.Build.0 = Debug|Any CPU
		{4F3BC7C6-9046-451D-9F7B-5D851647E707}.Debug|x86.ActiveCfg = Debug|Any CPU
		{4F3BC7C6-9046-451D-9F7B-5D851647E707}.Debug|x86.Build.0 = Debug|Any CPU
		{4F3BC7C6-9046-451D-9F7B-5D851647E707}.Release|Any CPU.ActiveCfg = Release|Any CPU
		{4F3BC7C6-9046-451D-9F7B-5D851647E707}.Release|Any CPU.Build.0 = Release|Any CPU
		{4F3BC7C6-9046-451D-9F7B-5D851647E707}.Release|x64.ActiveCfg = Release|Any CPU
		{4F3BC7C6-9046-451D-9F7B-5D851647E707}.Release|x64.Build.0 = Release|Any CPU
		{4F3BC7C6-9046-451D-9F7B-5D851647E707}.Release|x86.ActiveCfg = Release|Any CPU
		{4F3BC7C6-9046-451D-9F7B-5D851647E707}.Release|x86.Build.0 = Release|Any CPU
		{FBA70D05-20AB-4596-8E26-ECB7E507D483}.Debug|Any CPU.ActiveCfg = Debug|Any CPU
		{FBA70D05-20AB-4596-8E26-ECB7E507D483}.Debug|Any CPU.Build.0 = Debug|Any CPU
		{FBA70D05-20AB-4596-8E26-ECB7E507D483}.Debug|x64.ActiveCfg = Debug|Any CPU
		{FBA70D05-20AB-4596-8E26-ECB7E507D483}.Debug|x64.Build.0 = Debug|Any CPU
		{FBA70D05-20AB-4596-8E26-ECB7E507D483}.Debug|x86.ActiveCfg = Debug|Any CPU
		{FBA70D05-20AB-4596-8E26-ECB7E507D483}.Debug|x86.Build.0 = Debug|Any CPU
		{FBA70D05-20AB-4596-8E26-ECB7E507D483}.Release|Any CPU.ActiveCfg = Release|Any CPU
		{FBA70D05-20AB-4596-8E26-ECB7E507D483}.Release|Any CPU.Build.0 = Release|Any CPU
		{FBA70D05-20AB-4596-8E26-ECB7E507D483}.Release|x64.ActiveCfg = Release|Any CPU
		{FBA70D05-20AB-4596-8E26-ECB7E507D483}.Release|x64.Build.0 = Release|Any CPU
		{FBA70D05-20AB-4596-8E26-ECB7E507D483}.Release|x86.ActiveCfg = Release|Any CPU
		{FBA70D05-20AB-4596-8E26-ECB7E507D483}.Release|x86.Build.0 = Release|Any CPU
		{AF3DA24B-A426-4494-BF9F-8465A067E0B0}.Debug|Any CPU.ActiveCfg = Debug|Any CPU
		{AF3DA24B-A426-4494-BF9F-8465A067E0B0}.Debug|Any CPU.Build.0 = Debug|Any CPU
		{AF3DA24B-A426-4494-BF9F-8465A067E0B0}.Debug|x64.ActiveCfg = Debug|Any CPU
		{AF3DA24B-A426-4494-BF9F-8465A067E0B0}.Debug|x64.Build.0 = Debug|Any CPU
		{AF3DA24B-A426-4494-BF9F-8465A067E0B0}.Debug|x86.ActiveCfg = Debug|Any CPU
		{AF3DA24B-A426-4494-BF9F-8465A067E0B0}.Debug|x86.Build.0 = Debug|Any CPU
		{AF3DA24B-A426-4494-BF9F-8465A067E0B0}.Release|Any CPU.ActiveCfg = Release|Any CPU
		{AF3DA24B-A426-4494-BF9F-8465A067E0B0}.Release|Any CPU.Build.0 = Release|Any CPU
		{AF3DA24B-A426-4494-BF9F-8465A067E0B0}.Release|x64.ActiveCfg = Release|Any CPU
		{AF3DA24B-A426-4494-BF9F-8465A067E0B0}.Release|x64.Build.0 = Release|Any CPU
		{AF3DA24B-A426-4494-BF9F-8465A067E0B0}.Release|x86.ActiveCfg = Release|Any CPU
		{AF3DA24B-A426-4494-BF9F-8465A067E0B0}.Release|x86.Build.0 = Release|Any CPU
		{66A01ED3-A46A-4F16-9D6F-30181BA2830F}.Debug|Any CPU.ActiveCfg = Debug|Any CPU
		{66A01ED3-A46A-4F16-9D6F-30181BA2830F}.Debug|Any CPU.Build.0 = Debug|Any CPU
		{66A01ED3-A46A-4F16-9D6F-30181BA2830F}.Debug|x64.ActiveCfg = Debug|Any CPU
		{66A01ED3-A46A-4F16-9D6F-30181BA2830F}.Debug|x64.Build.0 = Debug|Any CPU
		{66A01ED3-A46A-4F16-9D6F-30181BA2830F}.Debug|x86.ActiveCfg = Debug|Any CPU
		{66A01ED3-A46A-4F16-9D6F-30181BA2830F}.Debug|x86.Build.0 = Debug|Any CPU
		{66A01ED3-A46A-4F16-9D6F-30181BA2830F}.Release|Any CPU.ActiveCfg = Release|Any CPU
		{66A01ED3-A46A-4F16-9D6F-30181BA2830F}.Release|Any CPU.Build.0 = Release|Any CPU
		{66A01ED3-A46A-4F16-9D6F-30181BA2830F}.Release|x64.ActiveCfg = Release|Any CPU
		{66A01ED3-A46A-4F16-9D6F-30181BA2830F}.Release|x64.Build.0 = Release|Any CPU
		{66A01ED3-A46A-4F16-9D6F-30181BA2830F}.Release|x86.ActiveCfg = Release|Any CPU
		{66A01ED3-A46A-4F16-9D6F-30181BA2830F}.Release|x86.Build.0 = Release|Any CPU
		{33A13157-AF57-40C8-B2C7-469B79E3E766}.Debug|Any CPU.ActiveCfg = Debug|Any CPU
		{33A13157-AF57-40C8-B2C7-469B79E3E766}.Debug|Any CPU.Build.0 = Debug|Any CPU
		{33A13157-AF57-40C8-B2C7-469B79E3E766}.Debug|x64.ActiveCfg = Debug|Any CPU
		{33A13157-AF57-40C8-B2C7-469B79E3E766}.Debug|x64.Build.0 = Debug|Any CPU
		{33A13157-AF57-40C8-B2C7-469B79E3E766}.Debug|x86.ActiveCfg = Debug|Any CPU
		{33A13157-AF57-40C8-B2C7-469B79E3E766}.Debug|x86.Build.0 = Debug|Any CPU
		{33A13157-AF57-40C8-B2C7-469B79E3E766}.Release|Any CPU.ActiveCfg = Release|Any CPU
		{33A13157-AF57-40C8-B2C7-469B79E3E766}.Release|Any CPU.Build.0 = Release|Any CPU
		{33A13157-AF57-40C8-B2C7-469B79E3E766}.Release|x64.ActiveCfg = Release|Any CPU
		{33A13157-AF57-40C8-B2C7-469B79E3E766}.Release|x64.Build.0 = Release|Any CPU
		{33A13157-AF57-40C8-B2C7-469B79E3E766}.Release|x86.ActiveCfg = Release|Any CPU
		{33A13157-AF57-40C8-B2C7-469B79E3E766}.Release|x86.Build.0 = Release|Any CPU
		{67BCACB6-7C0C-42E9-9AA8-CF0B283CC0CA}.Debug|Any CPU.ActiveCfg = Debug|Any CPU
		{67BCACB6-7C0C-42E9-9AA8-CF0B283CC0CA}.Debug|Any CPU.Build.0 = Debug|Any CPU
		{67BCACB6-7C0C-42E9-9AA8-CF0B283CC0CA}.Debug|x64.ActiveCfg = Debug|Any CPU
		{67BCACB6-7C0C-42E9-9AA8-CF0B283CC0CA}.Debug|x64.Build.0 = Debug|Any CPU
		{67BCACB6-7C0C-42E9-9AA8-CF0B283CC0CA}.Debug|x86.ActiveCfg = Debug|Any CPU
		{67BCACB6-7C0C-42E9-9AA8-CF0B283CC0CA}.Debug|x86.Build.0 = Debug|Any CPU
		{67BCACB6-7C0C-42E9-9AA8-CF0B283CC0CA}.Release|Any CPU.ActiveCfg = Release|Any CPU
		{67BCACB6-7C0C-42E9-9AA8-CF0B283CC0CA}.Release|Any CPU.Build.0 = Release|Any CPU
		{67BCACB6-7C0C-42E9-9AA8-CF0B283CC0CA}.Release|x64.ActiveCfg = Release|Any CPU
		{67BCACB6-7C0C-42E9-9AA8-CF0B283CC0CA}.Release|x64.Build.0 = Release|Any CPU
		{67BCACB6-7C0C-42E9-9AA8-CF0B283CC0CA}.Release|x86.ActiveCfg = Release|Any CPU
		{67BCACB6-7C0C-42E9-9AA8-CF0B283CC0CA}.Release|x86.Build.0 = Release|Any CPU
		{40312BE1-2C32-4406-869A-5020C312516E}.Debug|Any CPU.ActiveCfg = Debug|Any CPU
		{40312BE1-2C32-4406-869A-5020C312516E}.Debug|Any CPU.Build.0 = Debug|Any CPU
		{40312BE1-2C32-4406-869A-5020C312516E}.Debug|x64.ActiveCfg = Debug|Any CPU
		{40312BE1-2C32-4406-869A-5020C312516E}.Debug|x64.Build.0 = Debug|Any CPU
		{40312BE1-2C32-4406-869A-5020C312516E}.Debug|x86.ActiveCfg = Debug|Any CPU
		{40312BE1-2C32-4406-869A-5020C312516E}.Debug|x86.Build.0 = Debug|Any CPU
		{40312BE1-2C32-4406-869A-5020C312516E}.Release|Any CPU.ActiveCfg = Release|Any CPU
		{40312BE1-2C32-4406-869A-5020C312516E}.Release|Any CPU.Build.0 = Release|Any CPU
		{40312BE1-2C32-4406-869A-5020C312516E}.Release|x64.ActiveCfg = Release|Any CPU
		{40312BE1-2C32-4406-869A-5020C312516E}.Release|x64.Build.0 = Release|Any CPU
		{40312BE1-2C32-4406-869A-5020C312516E}.Release|x86.ActiveCfg = Release|Any CPU
		{40312BE1-2C32-4406-869A-5020C312516E}.Release|x86.Build.0 = Release|Any CPU
		{82CA35DD-548B-4C3F-94EF-4442D1A018C1}.Debug|Any CPU.ActiveCfg = Debug|Any CPU
		{82CA35DD-548B-4C3F-94EF-4442D1A018C1}.Debug|Any CPU.Build.0 = Debug|Any CPU
		{82CA35DD-548B-4C3F-94EF-4442D1A018C1}.Debug|x64.ActiveCfg = Debug|Any CPU
		{82CA35DD-548B-4C3F-94EF-4442D1A018C1}.Debug|x64.Build.0 = Debug|Any CPU
		{82CA35DD-548B-4C3F-94EF-4442D1A018C1}.Debug|x86.ActiveCfg = Debug|Any CPU
		{82CA35DD-548B-4C3F-94EF-4442D1A018C1}.Debug|x86.Build.0 = Debug|Any CPU
		{82CA35DD-548B-4C3F-94EF-4442D1A018C1}.Release|Any CPU.ActiveCfg = Release|Any CPU
		{82CA35DD-548B-4C3F-94EF-4442D1A018C1}.Release|Any CPU.Build.0 = Release|Any CPU
		{82CA35DD-548B-4C3F-94EF-4442D1A018C1}.Release|x64.ActiveCfg = Release|Any CPU
		{82CA35DD-548B-4C3F-94EF-4442D1A018C1}.Release|x64.Build.0 = Release|Any CPU
		{82CA35DD-548B-4C3F-94EF-4442D1A018C1}.Release|x86.ActiveCfg = Release|Any CPU
		{82CA35DD-548B-4C3F-94EF-4442D1A018C1}.Release|x86.Build.0 = Release|Any CPU
		{C8FB77AB-0DEB-4BED-BF30-7E2706A19F29}.Debug|Any CPU.ActiveCfg = Debug|Any CPU
		{C8FB77AB-0DEB-4BED-BF30-7E2706A19F29}.Debug|Any CPU.Build.0 = Debug|Any CPU
		{C8FB77AB-0DEB-4BED-BF30-7E2706A19F29}.Debug|x64.ActiveCfg = Debug|Any CPU
		{C8FB77AB-0DEB-4BED-BF30-7E2706A19F29}.Debug|x64.Build.0 = Debug|Any CPU
		{C8FB77AB-0DEB-4BED-BF30-7E2706A19F29}.Debug|x86.ActiveCfg = Debug|Any CPU
		{C8FB77AB-0DEB-4BED-BF30-7E2706A19F29}.Debug|x86.Build.0 = Debug|Any CPU
		{C8FB77AB-0DEB-4BED-BF30-7E2706A19F29}.Release|Any CPU.ActiveCfg = Release|Any CPU
		{C8FB77AB-0DEB-4BED-BF30-7E2706A19F29}.Release|Any CPU.Build.0 = Release|Any CPU
		{C8FB77AB-0DEB-4BED-BF30-7E2706A19F29}.Release|x64.ActiveCfg = Release|Any CPU
		{C8FB77AB-0DEB-4BED-BF30-7E2706A19F29}.Release|x64.Build.0 = Release|Any CPU
		{C8FB77AB-0DEB-4BED-BF30-7E2706A19F29}.Release|x86.ActiveCfg = Release|Any CPU
		{C8FB77AB-0DEB-4BED-BF30-7E2706A19F29}.Release|x86.Build.0 = Release|Any CPU
	EndGlobalSection
	GlobalSection(SolutionProperties) = preSolution
		HideSolutionNode = FALSE
	EndGlobalSection
	GlobalSection(NestedProjects) = preSolution
		{5E21DE2F-4D63-433F-9B9C-08110E112B18} = {02EA681E-C7D8-13C7-8484-4AC65E1B71E8}
		{4F3BC7C6-9046-451D-9F7B-5D851647E707} = {472F793D-D32E-4BBC-AD5C-7432B98EDA96}
		{FBA70D05-20AB-4596-8E26-ECB7E507D483} = {AA3C3C19-630C-4674-B312-053065FDF392}
		{5CE576C2-423B-4FDF-9638-5FE62D29F6F0} = {A59BA883-0ADE-4930-815E-AAAA87183C7B}
		{AF3DA24B-A426-4494-BF9F-8465A067E0B0} = {5CE576C2-423B-4FDF-9638-5FE62D29F6F0}
		{75D748BF-559D-4196-AFAE-D99D0D649ABC} = {A59BA883-0ADE-4930-815E-AAAA87183C7B}
		{66A01ED3-A46A-4F16-9D6F-30181BA2830F} = {75D748BF-559D-4196-AFAE-D99D0D649ABC}
		{352DEF26-B418-4F31-B521-588F291810D5} = {A59BA883-0ADE-4930-815E-AAAA87183C7B}
		{33A13157-AF57-40C8-B2C7-469B79E3E766} = {352DEF26-B418-4F31-B521-588F291810D5}
		{FF4963A8-8C4C-4BC1-93FD-BA8F2F4FC125} = {A59BA883-0ADE-4930-815E-AAAA87183C7B}
		{4E759E74-0506-46F9-88A3-FAFF3DA8EEE3} = {A59BA883-0ADE-4930-815E-AAAA87183C7B}
		{67BCACB6-7C0C-42E9-9AA8-CF0B283CC0CA} = {4E759E74-0506-46F9-88A3-FAFF3DA8EEE3}
		{0A485249-9E27-47FD-B29D-0E1D91C86D7D} = {A59BA883-0ADE-4930-815E-AAAA87183C7B}
		{40312BE1-2C32-4406-869A-5020C312516E} = {0A485249-9E27-47FD-B29D-0E1D91C86D7D}
		{82CA35DD-548B-4C3F-94EF-4442D1A018C1} = {FF4963A8-8C4C-4BC1-93FD-BA8F2F4FC125}
		{F0BC3AE8-EF29-4482-B343-896062FADF34} = {D68EA84F-91D0-4BFC-8F55-5A011AAEFD99}
		{7065CE32-EA72-4820-988F-C63158EEC124} = {D68EA84F-91D0-4BFC-8F55-5A011AAEFD99}
		{3C5CA4EB-9F04-41D2-B9A8-D1FF28979738} = {D68EA84F-91D0-4BFC-8F55-5A011AAEFD99}
		{D3958F64-8F51-41D2-85D3-986238DCD80B} = {D68EA84F-91D0-4BFC-8F55-5A011AAEFD99}
		{220D032D-DEC4-4D1D-BCD2-36F35BBDE228} = {D68EA84F-91D0-4BFC-8F55-5A011AAEFD99}
		{6B392374-5BB0-4501-8D9B-5DD8AC21EB20} = {D68EA84F-91D0-4BFC-8F55-5A011AAEFD99}
		{DDC040C4-748D-458A-BF7D-076DC1A39E05} = {CD224682-CD27-4920-B983-82C1E39C496A}
		{D461F585-F12F-4164-B18A-133BE25285B6} = {DDC040C4-748D-458A-BF7D-076DC1A39E05}
		{59D98996-AA4C-4458-8081-304D9B474148} = {DDC040C4-748D-458A-BF7D-076DC1A39E05}
		{E93E4096-8ED3-4018-932A-1C81D9C65345} = {DDC040C4-748D-458A-BF7D-076DC1A39E05}
		{BAB3A3D2-AC80-4F25-BF2C-715EAD4B332B} = {DDC040C4-748D-458A-BF7D-076DC1A39E05}
		{B7EB6A7D-482C-464C-A1FD-1B9EEAB708EB} = {DDC040C4-748D-458A-BF7D-076DC1A39E05}
		{9A64CD9F-678B-4AA4-94B9-C999340EDFCA} = {CD224682-CD27-4920-B983-82C1E39C496A}
		{C8FB77AB-0DEB-4BED-BF30-7E2706A19F29} = {54DED9FF-2B44-4EE8-A0F0-E67CA1E864BB}
		{35B9EB58-AB14-4FE1-92FA-8FD122E45759} = {CD224682-CD27-4920-B983-82C1E39C496A}
		{019186BB-9A63-49E5-8A99-2511D469320C} = {35B9EB58-AB14-4FE1-92FA-8FD122E45759}
		{A1ED4700-0059-4296-B4B0-62AE86A71B7A} = {35B9EB58-AB14-4FE1-92FA-8FD122E45759}
		{9AB04AEC-3200-4AC4-8831-82B2263C0703} = {35B9EB58-AB14-4FE1-92FA-8FD122E45759}
		{46ACDEFF-6984-4EAA-B410-EE6503AEB68E} = {35B9EB58-AB14-4FE1-92FA-8FD122E45759}
		{2830E6E3-67DB-498C-8E46-D8187BD5E8BB} = {CD224682-CD27-4920-B983-82C1E39C496A}
		{BE5A126E-DE0E-4C5E-9729-E2F76696A97E} = {CD224682-CD27-4920-B983-82C1E39C496A}
		{363E067E-CF43-447C-86DD-C72B0F660F65} = {BE5A126E-DE0E-4C5E-9729-E2F76696A97E}
		{23A32EEA-5770-4453-AFA4-2B54E65B0511} = {BE5A126E-DE0E-4C5E-9729-E2F76696A97E}
		{FD3B36B9-288B-425E-8D12-CE75E87769EE} = {BE5A126E-DE0E-4C5E-9729-E2F76696A97E}
	EndGlobalSection
	GlobalSection(ExtensibilityGlobals) = postSolution
		SolutionGuid = {6DFF587F-ACAC-4F61-BAEA-60B0319CC1B9}
	EndGlobalSection
EndGlobal
